
Microsoft Visual Studio Solution File, Format Version 12.00
# Visual Studio 15
VisualStudioVersion = 15.0.27703.2026
MinimumVisualStudioVersion = 10.0.40219.1
Project("{FAE04EC0-301F-11D3-BF4B-00C04F79EFBC}") = "UmbracoInstagram", "UmbracoInstagram\UmbracoInstagram.csproj", "{5DF765C2-1081-40F6-B618-047AD3AEBFE0}"
EndProject
Project("{FAE04EC0-301F-11D3-BF4B-00C04F79EFBC}") = "UmbracoInstagram.Tests", "UmbracoInstagram.Tests\UmbracoInstagram.Tests.csproj", "{09439A56-88FF-4CD2-B698-2645ED2C9022}"
EndProject
Global
	GlobalSection(SolutionConfigurationPlatforms) = preSolution
		Debug|Any CPU = Debug|Any CPU
		Release|Any CPU = Release|Any CPU
	EndGlobalSection
	GlobalSection(ProjectConfigurationPlatforms) = postSolution
		{5DF765C2-1081-40F6-B618-047AD3AEBFE0}.Debug|Any CPU.ActiveCfg = Debug|Any CPU
		{5DF765C2-1081-40F6-B618-047AD3AEBFE0}.Debug|Any CPU.Build.0 = Debug|Any CPU
		{5DF765C2-1081-40F6-B618-047AD3AEBFE0}.Release|Any CPU.ActiveCfg = Release|Any CPU
		{5DF765C2-1081-40F6-B618-047AD3AEBFE0}.Release|Any CPU.Build.0 = Release|Any CPU
		{09439A56-88FF-4CD2-B698-2645ED2C9022}.Debug|Any CPU.ActiveCfg = Debug|Any CPU
		{09439A56-88FF-4CD2-B698-2645ED2C9022}.Debug|Any CPU.Build.0 = Debug|Any CPU
		{09439A56-88FF-4CD2-B698-2645ED2C9022}.Release|Any CPU.ActiveCfg = Release|Any CPU
		{09439A56-88FF-4CD2-B698-2645ED2C9022}.Release|Any CPU.Build.0 = Release|Any CPU
	EndGlobalSection
	GlobalSection(SolutionProperties) = preSolution
		HideSolutionNode = FALSE
	EndGlobalSection
	GlobalSection(ExtensibilityGlobals) = postSolution
		SolutionGuid = {563A2109-4509-4EBE-9FC7-9A3C16DA7E03}
	EndGlobalSection
EndGlobal
